
Microsoft Visual Studio Solution File, Format Version 11.00
# Visual Studio 2010
Project("{FAE04EC0-301F-11D3-BF4B-00C04F79EFBC}") = "WinFrm", "WinFrm\WinFrm.csproj", "{1DF451A6-BDD7-449C-B3E1-C30875E481CE}"
EndProject
Project("{FAE04EC0-301F-11D3-BF4B-00C04F79EFBC}") = "Ctl", "Ctl\Ctl.csproj", "{BE15ACAA-0F3E-4F5C-8A25-34979BCFFCD4}"
EndProject
Global
	GlobalSection(SolutionConfigurationPlatforms) = preSolution
		Debug|Any CPU = Debug|Any CPU
		Release|Any CPU = Release|Any CPU
	EndGlobalSection
	GlobalSection(ProjectConfigurationPlatforms) = postSolution
		{1DF451A6-BDD7-449C-B3E1-C30875E481CE}.Debug|Any CPU.ActiveCfg = Debug|Any CPU
		{1DF451A6-BDD7-449C-B3E1-C30875E481CE}.Debug|Any CPU.Build.0 = Debug|Any CPU
		{1DF451A6-BDD7-449C-B3E1-C30875E481CE}.Release|Any CPU.ActiveCfg = Release|Any CPU
		{1DF451A6-BDD7-449C-B3E1-C30875E481CE}.Release|Any CPU.Build.0 = Release|Any CPU
		{BE15ACAA-0F3E-4F5C-8A25-34979BCFFCD4}.Debug|Any CPU.ActiveCfg = Debug|Any CPU
		{BE15ACAA-0F3E-4F5C-8A25-34979BCFFCD4}.Debug|Any CPU.Build.0 = Debug|Any CPU
		{BE15ACAA-0F3E-4F5C-8A25-34979BCFFCD4}.Release|Any CPU.ActiveCfg = Release|Any CPU
		{BE15ACAA-0F3E-4F5C-8A25-34979BCFFCD4}.Release|Any CPU.Build.0 = Release|Any CPU
	EndGlobalSection
	GlobalSection(SolutionProperties) = preSolution
		HideSolutionNode = FALSE
	EndGlobalSection
EndGlobal
